{
  "pins" : [
    {
      "identity" : "commandant",
      "kind" : "remoteSourceControl",
      "location" : "https://github.com/Carthage/Commandant.git",
      "state" : {
        "revision" : "ab68611013dec67413628ac87c1f29e8427bc8e4",
        "version" : "0.17.0"
      }
    },
    {
      "identity" : "cryptoswift",
      "kind" : "remoteSourceControl",
      "location" : "https://github.com/krzyzanowskim/CryptoSwift.git",
      "state" : {
        "revision" : "f2ca9c377d4b44596a131e37eeb908221fb6e6be",
        "version" : "0.8.3"
      }
    },
    {
      "identity" : "cwlcatchexception",
      "kind" : "remoteSourceControl",
      "location" : "https://github.com/mattgallagher/CwlCatchException.git",
      "state" : {
        "revision" : "7cd2f8cacc4d22f21bc0b2309c3b18acf7957b66",
        "version" : "1.2.0"
      }
    },
    {
      "identity" : "cwlpreconditiontesting",
      "kind" : "remoteSourceControl",
      "location" : "https://github.com/mattgallagher/CwlPreconditionTesting.git",
      "state" : {
        "revision" : "c228db5d2ad1b01ebc84435e823e6cca4e3db98b",
        "version" : "1.2.0"
      }
    },
    {
      "identity" : "danger-swift-xcodesummary",
      "kind" : "remoteSourceControl",
      "location" : "https://github.com/f-meloni/danger-swift-xcodesummary",
      "state" : {
        "revision" : "742e2854a1693ddb7f511ca7a4e6206b12103b20",
        "version" : "1.1.0"
      }
    },
    {
      "identity" : "komondor",
      "kind" : "remoteSourceControl",
      "location" : "https://github.com/orta/Komondor",
      "state" : {
        "revision" : "3cd6d76887816ead5931ddbfb249c2935f518e17",
        "version" : "1.0.4"
      }
    },
    {
      "identity" : "logger",
      "kind" : "remoteSourceControl",
      "location" : "https://github.com/shibapm/Logger",
      "state" : {
        "revision" : "53c3ecca5abe8cf46697e33901ee774236d94cce",
        "version" : "0.2.3"
      }
    },
    {
      "identity" : "nimble",
      "kind" : "remoteSourceControl",
      "location" : "https://github.com/Quick/Nimble.git",
      "state" : {
        "revision" : "b02b00b30b6353632aa4a5fb6124f8147f7140c0",
        "version" : "8.0.5"
      }
    },
    {
      "identity" : "octokit.swift",
      "kind" : "remoteSourceControl",
      "location" : "https://github.com/nerdishbynature/octokit.swift",
      "state" : {
        "revision" : "9ad4d6eff94ad1d9873d3b410a47c663c820d4bd",
        "version" : "0.10.0"
      }
    },
    {
      "identity" : "packageconfig",
      "kind" : "remoteSourceControl",
      "location" : "https://github.com/shibapm/PackageConfig",
      "state" : {
        "revision" : "bf90dc69fa0792894b08a0b74cf34029694ae486",
        "version" : "0.13.0"
      }
    },
    {
      "identity" : "quick",
      "kind" : "remoteSourceControl",
      "location" : "https://github.com/Quick/Quick.git",
      "state" : {
        "revision" : "33682c2f6230c60614861dfc61df267e11a1602f",
        "version" : "2.2.0"
      }
    },
    {
      "identity" : "requestkit",
      "kind" : "remoteSourceControl",
      "location" : "https://github.com/nerdishbynature/RequestKit.git",
      "state" : {
        "revision" : "fd5e9e99aada7432170366c9e95967011ce13bad",
        "version" : "2.4.0"
      }
    },
    {
      "identity" : "shellout",
      "kind" : "remoteSourceControl",
      "location" : "https://github.com/JohnSundell/ShellOut.git",
      "state" : {
        "revision" : "e1577acf2b6e90086d01a6d5e2b8efdaae033568",
        "version" : "2.3.0"
      }
    },
    {
      "identity" : "sourcekitten",
      "kind" : "remoteSourceControl",
      "location" : "https://github.com/jpsim/SourceKitten.git",
      "state" : {
        "revision" : "176f04295a09324673245d8ec0afcce21ace8722",
        "version" : "0.22.0"
      }
    },
    {
      "identity" : "swift",
      "kind" : "remoteSourceControl",
      "location" : "https://github.com/danger/swift.git",
      "state" : {
        "revision" : "9abfbf269f7b1d4bb799ca8f52620180d63d953e",
        "version" : "3.0.0"
      }
    },
    {
      "identity" : "swiftformat",
      "kind" : "remoteSourceControl",
      "location" : "https://github.com/nicklockwood/SwiftFormat",
      "state" : {
        "revision" : "d9b7cf39e06e89428004a767d97006fb6d293c53",
        "version" : "0.43.5"
      }
    },
    {
      "identity" : "swiftlint",
      "kind" : "remoteSourceControl",
      "location" : "https://github.com/Realm/SwiftLint",
      "state" : {
        "revision" : "4955c173a097b6b0dc49c495b462112da09ed099",
        "version" : "0.28.1"
      }
    },
    {
      "identity" : "swiftytexttable",
      "kind" : "remoteSourceControl",
      "location" : "https://github.com/scottrhoyt/SwiftyTextTable.git",
      "state" : {
        "revision" : "c6df6cf533d120716bff38f8ff9885e1ce2a4ac3",
        "version" : "0.9.0"
      }
    },
    {
      "identity" : "swxmlhash",
      "kind" : "remoteSourceControl",
      "location" : "https://github.com/drmohundro/SWXMLHash.git",
      "state" : {
        "revision" : "f43166a8e18fdd0857f29e303b1bb79a5428bca0",
        "version" : "4.9.0"
      }
    },
    {
      "identity" : "version",
      "kind" : "remoteSourceControl",
      "location" : "https://github.com/mxcl/Version",
      "state" : {
        "revision" : "200046c93f6d5d78a6d72bfd9c0b27a95e9c0a2b",
        "version" : "1.2.0"
      }
    },
    {
      "identity" : "yams",
      "kind" : "remoteSourceControl",
      "location" : "https://github.com/jpsim/Yams",
      "state" : {
        "revision" : "b08dba4bcea978bf1ad37703a384097d3efce5af",
        "version" : "1.0.2"
      }
    }
  ],
  "version" : 2
}
